{
  "name": "jobflow-monorepo",
  "version": "0.1.0",
  "lockfileVersion": 3,
  "requires": true,
  "packages": {
    "": {
      "name": "jobflow-monorepo",
      "devDependencies": {
        "turbo": "^2.1.1",
        "typescript": "^5.6.3"
      }
    },
    "node_modules/@turbo/darwin-64": {
      "version": "2.9.7",
      "resolved": "https://registry.npmjs.org/@turbo/darwin-64/-/darwin-64-2.9.7.tgz",
      "integrity": "sha512-wnvOWuVWJ5EUHNKxExEWiGlTeVpLG1L0PCu5MUozyC1P2SHGiWsmpW6/yAuShH91Fa2TAHOvdCRBzriZh4j4Eg==",
      "cpu": [
        "x64"
      ],
      "dev": true,
      "license": "MIT",
      "optional": true,
      "os": [
        "darwin"
      ]
    },
    "node_modules/@turbo/darwin-arm64": {
      "version": "2.9.7",
      "resolved": "https://registry.npmjs.org/@turbo/darwin-arm64/-/darwin-arm64-2.9.7.tgz",
      "integrity": "sha512-mA0FIPMwwN3lodDkQYaGxj6PeT7ZaN5aCEbkKn/WB+ZB9yJdVWA4J83GH7t43jqDc5dcnVluVN5UFx3plRiXhA==",
      "cpu": [
        "arm64"
      ],
      "dev": true,
      "license": "MIT",
      "optional": true,
      "os": [
        "darwin"
      ]
    },
    "node_modules/@turbo/linux-64": {
      "version": "2.9.7",
      "resolved": "https://registry.npmjs.org/@turbo/linux-64/-/linux-64-2.9.7.tgz",
      "integrity": "sha512-fEbUYpgb5l7P+q+5tsWF2gw+/GSjUsuUTcnfm+f0lozUjgcjLKyOat6PgtAChmIFcTPchCL/8rJ3TvkBy01gfA==",
      "cpu": [
        "x64"
      ],
      "dev": true,
      "license": "MIT",
      "optional": true,
      "os": [
        "linux"
      ]
    },
    "node_modules/@turbo/linux-arm64": {
      "version": "2.9.7",
      "resolved": "https://registry.npmjs.org/@turbo/linux-arm64/-/linux-arm64-2.9.7.tgz",
      "integrity": "sha512-VkUjulo9ytfHKUHOS5gy0XPoh4CTKPXWCL8nLdrlHVi9fSut31ECeUqnm/dAbETP5D4xo9mH9XkJ+qMzGe/zmg==",
      "cpu": [
        "arm64"
      ],
      "dev": true,
      "license": "MIT",
      "optional": true,
      "os": [
        "linux"
      ]
    },
    "node_modules/@turbo/windows-64": {
      "version": "2.9.7",
      "resolved": "https://registry.npmjs.org/@turbo/windows-64/-/windows-64-2.9.7.tgz",
      "integrity": "sha512-/GWdY6/x4aIHqkYJq596Rpdk1x0MkpRPkJcLAoB3yGRwyUms0+u2F1GnV54IbyAZTeKLRWSJKzNC+QwVGdYchA==",
      "cpu": [
        "x64"
      ],
      "dev": true,
      "license": "MIT",
      "optional": true,
      "os": [
        "win32"
      ]
    },
    "node_modules/@turbo/windows-arm64": {
      "version": "2.9.7",
      "resolved": "https://registry.npmjs.org/@turbo/windows-arm64/-/windows-arm64-2.9.7.tgz",
      "integrity": "sha512-xBBgxCC5PK2+WZ1PPRZdp+aJ0bMBcEbweXWux3RUHJvX9ZodcoQySkrW6qt+ahb+uk8ZjyQodLfDwtVSoYds1w==",
      "cpu": [
        "arm64"
      ],
      "dev": true,
      "license": "MIT",
      "optional": true,
      "os": [
        "win32"
      ]
    },
    "node_modules/turbo": {
      "version": "2.9.7",
      "resolved": "https://registry.npmjs.org/turbo/-/turbo-2.9.7.tgz",
      "integrity": "sha512-epxzqVO2s0IxcSWcgb+qKrtco8isfe7g3VtiS6hkYnEK4A9XQDZbrtavQ6MtWR1KoQn+1fUomaQth2rfRHlUlg==",
      "dev": true,
      "license": "MIT",
      "bin": {
        "turbo": "bin/turbo"
      },
      "optionalDependencies": {
        "@turbo/darwin-64": "2.9.7",
        "@turbo/darwin-arm64": "2.9.7",
        "@turbo/linux-64": "2.9.7",
        "@turbo/linux-arm64": "2.9.7",
        "@turbo/windows-64": "2.9.7",
        "@turbo/windows-arm64": "2.9.7"
      }
    },
    "node_modules/typescript": {
      "version": "5.9.3",
      "resolved": "https://registry.npmjs.org/typescript/-/typescript-5.9.3.tgz",
      "integrity": "sha512-jl1vZzPDinLr9eUt3J/t7V6FgNEw9QjvBPdysz9KfQDD41fQrC2Y4vKQdiaUpFT4bXlb1RHhLpp8wtm6M5TgSw==",
      "dev": true,
      "license": "Apache-2.0",
      "bin": {
        "tsc": "bin/tsc",
        "tsserver": "bin/tsserver"
      },
      "engines": {
        "node": ">=14.17"
      }
    }
  }
}
